
Microsoft Visual Studio Solution File, Format Version 12.00
# Visual Studio 2013
VisualStudioVersion = 12.0.31101.0
MinimumVisualStudioVersion = 10.0.40219.1
Project("{FAE04EC0-301F-11D3-BF4B-00C04F79EFBC}") = "SoftwareRequirementsTool.Web", "SoftwareRequirementsTool.Web\SoftwareRequirementsTool.Web.csproj", "{CFA58A89-3370-47C7-85E5-8E2658A28736}"
EndProject
Project("{FAE04EC0-301F-11D3-BF4B-00C04F79EFBC}") = "SoftwareRequirementsTool", "SoftwareRequirementsTool\SoftwareRequirementsTool.csproj", "{C2BA4BED-1378-471D-9571-8A793B9BE7A2}"
EndProject
Project("{F088123C-0E9E-452A-89E6-6BA2F21D5CAC}") = "SoftwareRequirementsToolModeling", "SoftwareRequirementsToolModeling\SoftwareRequirementsToolModeling.modelproj", "{4C15A1FF-E921-44E0-B41C-5BF3357F9583}"
EndProject
Global
	GlobalSection(SolutionConfigurationPlatforms) = preSolution
		Debug|Any CPU = Debug|Any CPU
		Release|Any CPU = Release|Any CPU
	EndGlobalSection
	GlobalSection(ProjectConfigurationPlatforms) = postSolution
		{CFA58A89-3370-47C7-85E5-8E2658A28736}.Debug|Any CPU.ActiveCfg = Debug|Any CPU
		{CFA58A89-3370-47C7-85E5-8E2658A28736}.Debug|Any CPU.Build.0 = Debug|Any CPU
		{CFA58A89-3370-47C7-85E5-8E2658A28736}.Release|Any CPU.ActiveCfg = Release|Any CPU
		{CFA58A89-3370-47C7-85E5-8E2658A28736}.Release|Any CPU.Build.0 = Release|Any CPU
		{C2BA4BED-1378-471D-9571-8A793B9BE7A2}.Debug|Any CPU.ActiveCfg = Debug|Any CPU
		{C2BA4BED-1378-471D-9571-8A793B9BE7A2}.Debug|Any CPU.Build.0 = Debug|Any CPU
		{C2BA4BED-1378-471D-9571-8A793B9BE7A2}.Release|Any CPU.ActiveCfg = Release|Any CPU
		{C2BA4BED-1378-471D-9571-8A793B9BE7A2}.Release|Any CPU.Build.0 = Release|Any CPU
		{4C15A1FF-E921-44E0-B41C-5BF3357F9583}.Debug|Any CPU.ActiveCfg = Debug|Any CPU
		{4C15A1FF-E921-44E0-B41C-5BF3357F9583}.Debug|Any CPU.Build.0 = Debug|Any CPU
		{4C15A1FF-E921-44E0-B41C-5BF3357F9583}.Release|Any CPU.ActiveCfg = Release|Any CPU
		{4C15A1FF-E921-44E0-B41C-5BF3357F9583}.Release|Any CPU.Build.0 = Release|Any CPU
	EndGlobalSection
	GlobalSection(SolutionProperties) = preSolution
		HideSolutionNode = FALSE
	EndGlobalSection
EndGlobal
